<?xml version="1.0" encoding="utf-8"?>
<Project ToolsVersion="4.0" xmlns="http://schemas.microsoft.com/developer/msbuild/2003">
  <ItemGroup>
    <ClCompile Include="ActionAddNotes.cpp" />
    <ClCompile Include="ActionChangeMenuItemTo.cpp" />
    <ClCompile Include="ActionDeleteCourse.cpp" />
    <ClCompile Include="ActionDragAndDropCrs.cpp" />
    <ClCompile Include="ActionImpOffering.cpp" />
    <ClCompile Include="ActionImport.cpp" />
    <ClCompile Include="ActionImportCourseCatalog.cpp" />
    <ClCompile Include="ActionImportDefaulPlan.cpp" />
    <ClCompile Include="ActionImportRules.cpp" />
    <ClCompile Include="ActionImpReq.cpp" />
    <ClCompile Include="ActionShowCourseInfo.cpp" />
    <ClCompile Include="ActionShowNotes.cpp" />
    <ClCompile Include="Actions\ActionAddCourse.cpp" />
    <ClCompile Include="Courses\Course.cpp" />
    <ClCompile Include="EmptyAction.cpp" />
    <ClCompile Include="GUI\CMUgraphicsLib\CMUgraphics.cpp" />
    <ClCompile Include="GUI\CMUgraphicsLib\colors.cpp" />
    <ClCompile Include="GUI\CMUgraphicsLib\image.cpp" />
    <ClCompile Include="GUI\CMUgraphicsLib\jpegload.c" />
    <ClCompile Include="GUI\CMUgraphicsLib\jpeg\jcomapi.c" />
    <ClCompile Include="GUI\CMUgraphicsLib\jpeg\jcparam.c" />
    <ClCompile Include="GUI\CMUgraphicsLib\jpeg\jdapimin.c" />
    <ClCompile Include="GUI\CMUgraphicsLib\jpeg\jdapistd.c" />
    <ClCompile Include="GUI\CMUgraphicsLib\jpeg\jdatasrc.c" />
    <ClCompile Include="GUI\CMUgraphicsLib\jpeg\jdcoefct.c" />
    <ClCompile Include="GUI\CMUgraphicsLib\jpeg\jdcolor.c" />
    <ClCompile Include="GUI\CMUgraphicsLib\jpeg\jddctmgr.c" />
    <ClCompile Include="GUI\CMUgraphicsLib\jpeg\jdhuff.c" />
    <ClCompile Include="GUI\CMUgraphicsLib\jpeg\jdinput.c" />
    <ClCompile Include="GUI\CMUgraphicsLib\jpeg\jdmainct.c" />
    <ClCompile Include="GUI\CMUgraphicsLib\jpeg\jdmarker.c" />
    <ClCompile Include="GUI\CMUgraphicsLib\jpeg\jdmaster.c" />
    <ClCompile Include="GUI\CMUgraphicsLib\jpeg\jdmerge.c" />
    <ClCompile Include="GUI\CMUgraphicsLib\jpeg\jdphuff.c" />
    <ClCompile Include="GUI\CMUgraphicsLib\jpeg\jdpostct.c" />
    <ClCompile Include="GUI\CMUgraphicsLib\jpeg\jdsample.c" />
    <ClCompile Include="GUI\CMUgraphicsLib\jpeg\jdtrans.c" />
    <ClCompile Include="GUI\CMUgraphicsLib\jpeg\jerror.c" />
    <ClCompile Include="GUI\CMUgraphicsLib\jpeg\jidctflt.c" />
    <ClCompile Include="GUI\CMUgraphicsLib\jpeg\jidctfst.c" />
    <ClCompile Include="GUI\CMUgraphicsLib\jpeg\jidctint.c" />
    <ClCompile Include="GUI\CMUgraphicsLib\jpeg\jidctred.c" />
    <ClCompile Include="GUI\CMUgraphicsLib\jpeg\jmemmgr.c" />
    <ClCompile Include="GUI\CMUgraphicsLib\jpeg\jmemnobs.c" />
    <ClCompile Include="GUI\CMUgraphicsLib\jpeg\jquant1.c" />
    <ClCompile Include="GUI\CMUgraphicsLib\jpeg\jquant2.c" />
    <ClCompile Include="GUI\CMUgraphicsLib\jpeg\jutils.c" />
    <ClCompile Include="GUI\CMUgraphicsLib\keyqueue.cpp" />
    <ClCompile Include="GUI\CMUgraphicsLib\mousequeue.cpp" />
    <ClCompile Include="GUI\CMUgraphicsLib\windowinput.cpp" />
    <ClCompile Include="GUI\Drawable.cpp" />
    <ClCompile Include="GUI\GUI.cpp" />
    <ClCompile Include="Main.cpp" />
    <ClCompile Include="Registrar.cpp" />
    <ClCompile Include="Rules.cpp" />
    <ClCompile Include="StringUtils.cpp" />
    <ClCompile Include="Student.cpp" />
    <ClCompile Include="StudyPlan\AcademicYear.cpp" />
    <ClCompile Include="StudyPlan\StudyPlan.cpp" />
    <ClCompile Include="ActionChangeByCode.cpp" />
    <ClCompile Include="ActionSignUserUp.cpp" />
    <ClCompile Include="Text_field.cpp" />
    <ClCompile Include="Drawable_Parent.cpp" />
    <ClCompile Include="ITM_Img_list_field.cpp" />
    <ClCompile Include="ViewField.cpp" />
    <ClCompile Include="ListImagesFields.cpp" />
    <ClCompile Include="ButtonField.cpp" />
    <ClCompile Include="ActionMenuBar.cpp" />
    <ClCompile Include="ActionDisplayFilters.cpp" />
  </ItemGroup>
  <ItemGroup>
    <ClInclude Include="ActionAddNotes.h" />
    <ClInclude Include="ActionChangeMenuItemTo.h" />
    <ClInclude Include="ActionDeleteCourse.h" />
    <ClInclude Include="ActionDragAndDropCrs.h" />
    <ClInclude Include="ActionImpOffering.h" />
    <ClInclude Include="ActionImport.h" />
    <ClInclude Include="ActionImportCourseCatalog.h" />
    <ClInclude Include="ActionImportDefaulPlan.h" />
    <ClInclude Include="ActionImportRules.h" />
    <ClInclude Include="ActionImpReq.h" />
    <ClInclude Include="ActionShowCourseInfo.h" />
    <ClInclude Include="ActionShowNotes.h" />
    <ClInclude Include="Actions\Action.h" />
    <ClInclude Include="Actions\ActionAddCourse.h" />
    <ClInclude Include="Courses\Course.h" />
    <ClInclude Include="EmptyAction.h" />
    <ClInclude Include="GUI\CMUgraphicsLib\CMUgraphics.h" />
    <ClInclude Include="GUI\CMUgraphicsLib\colors.h" />
    <ClInclude Include="GUI\CMUgraphicsLib\error.h" />
    <ClInclude Include="GUI\CMUgraphicsLib\image.h" />
    <ClInclude Include="GUI\CMUgraphicsLib\jpegload.h" />
    <ClInclude Include="GUI\CMUgraphicsLib\jpeg\jconfig.h" />
    <ClInclude Include="GUI\CMUgraphicsLib\jpeg\jdct.h" />
    <ClInclude Include="GUI\CMUgraphicsLib\jpeg\jdhuff.h" />
    <ClInclude Include="GUI\CMUgraphicsLib\jpeg\jerror.h" />
    <ClInclude Include="GUI\CMUgraphicsLib\jpeg\jinclude.h" />
    <ClInclude Include="GUI\CMUgraphicsLib\jpeg\jmemsys.h" />
    <ClInclude Include="GUI\CMUgraphicsLib\jpeg\jmorecfg.h" />
    <ClInclude Include="GUI\CMUgraphicsLib\jpeg\jpegint.h" />
    <ClInclude Include="GUI\CMUgraphicsLib\jpeg\jpeglib.h" />
    <ClInclude Include="GUI\CMUgraphicsLib\jpeg\jversion.h" />
    <ClInclude Include="GUI\CMUgraphicsLib\keyqueue.h" />
    <ClInclude Include="GUI\CMUgraphicsLib\mousequeue.h" />
    <ClInclude Include="GUI\CMUgraphicsLib\version.h" />
    <ClInclude Include="GUI\CMUgraphicsLib\windowinput.h" />
    <ClInclude Include="GUI\Drawable.h" />
    <ClInclude Include="GUI\GUI.h" />
    <ClInclude Include="DEFs.h" />
    <ClInclude Include="Registrar.h" />
    <ClInclude Include="Rules.h" />
    <ClInclude Include="StringUtils.h" />
    <ClInclude Include="Student.h" />
    <ClInclude Include="StudyPlan\AcademicYear.h" />
    <ClInclude Include="StudyPlan\StudyPlan.h" />
    <ClInclude Include="ActionChangeByCode.h" />
    <ClInclude Include="ActionSignUserUp.h" />
    <ClInclude Include="Text_field.h" />
    <ClInclude Include="Drawable_Parent.h" />
    <ClInclude Include="ITM_Img_list_field.h" />
    <ClInclude Include="ViewField.h" />
    <ClInclude Include="ListImagesFields.h" />
    <ClInclude Include="ButtonField.h" />
    <ClInclude Include="ActionMenuBar.h" />
    <ClInclude Include="ActionDisplayFilters.h" />
  </ItemGroup>
  <ItemGroup>
    <None Include="ClassDiagram.cd" />
  </ItemGroup>
  <ItemGroup>
    <Text Include="GUI\CMUgraphicsLib\Manual.txt" />
    <Text Include="GUI\CMUgraphicsLib\Readme.txt" />
  </ItemGroup>
</Project>